PODS:
  - Flutter (1.0.0)
  - flutter_google_cast_button (0.0.1):
    - Flutter
    - google-cast-sdk (~> 4.3)
  - google-cast-sdk (4.3.2):
    - google-cast-sdk/Core (= 4.3.2)
    - Protobuf (~> 3.0)
  - google-cast-sdk/Core (4.3.2):
    - Protobuf (~> 3.0)
  - Protobuf (3.7.0)

DEPENDENCIES:
  - Flutter (from `.symlinks/flutter/ios`)
  - flutter_google_cast_button (from `.symlinks/plugins/flutter_google_cast_button/ios`)

SPEC REPOS:
  https://github.com/CocoaPods/Specs.git:
    - google-cast-sdk
    - Protobuf

EXTERNAL SOURCES:
  Flutter:
    :path: ".symlinks/flutter/ios"
  flutter_google_cast_button:
    :path: ".symlinks/plugins/flutter_google_cast_button/ios"

SPEC CHECKSUMS:
  Flutter: 0e3d915762c693b495b44d77113d4970485de6ec
  flutter_google_cast_button: 93329ae1132c2b70835de836bbdac20e20a03fe4
  google-cast-sdk: 845b740ef8c47919185651ba62b36b2ed0cfab40
  Protobuf: 7a877b7f3e5964e3fce995e2eb323dbc6831bb5a

PODFILE CHECKSUM: ebd43b443038e611b86ede96e613bd6033c49497

COCOAPODS: 1.8.4
